
Microsoft Visual Studio Solution File, Format Version 12.00
# Visual Studio Version 16
VisualStudioVersion = 16.0.30309.148
MinimumVisualStudioVersion = 10.0.40219.1
Project("{8BC9CEB8-8B4A-11D0-8D11-00A0C91BC942}") = "2", "2\2.vcxproj", "{A3BD587C-9406-4A7A-8922-DA9ED2248892}"
EndProject
Project("{8BC9CEB8-8B4A-11D0-8D11-00A0C91BC942}") = "InterLeavingString", "InterLeavingString\InterLeavingString.vcxproj", "{144B8A7F-D6CB-4852-AEF7-BAE1A15931CA}"
EndProject
Project("{8BC9CEB8-8B4A-11D0-8D11-00A0C91BC942}") = "RangeCouldReach", "RangeCouldReach\RangeCouldReach.vcxproj", "{26232D2A-DFD2-4442-8DB5-777269074ED4}"
EndProject
Project("{8BC9CEB8-8B4A-11D0-8D11-00A0C91BC942}") = "LCOF", "LCOF\LCOF.vcxproj", "{FBEFA70A-6140-434A-A760-E1BAEBD6F9AF}"
EndProject
Project("{8BC9CEB8-8B4A-11D0-8D11-00A0C91BC942}") = "MaxSlideWindow", "MaxSlideWindow\MaxSlideWindow.vcxproj", "{0FAC92CC-48BA-42DB-8F6E-7E2F45D31C19}"
EndProject
Project("{8BC9CEB8-8B4A-11D0-8D11-00A0C91BC942}") = "theMidOfDataStream", "theMidOfDataStream\theMidOfDataStream.vcxproj", "{B2EEE53F-3601-4A50-ABB5-93263740D876}"
EndProject
Project("{8BC9CEB8-8B4A-11D0-8D11-00A0C91BC942}") = "KthNode", "KthNode\KthNode.vcxproj", "{4BDF6B0A-D78E-4D40-B84B-1BED2F4A7667}"
EndProject
Project("{8BC9CEB8-8B4A-11D0-8D11-00A0C91BC942}") = "ReverString", "ReverString\ReverString.vcxproj", "{012D4CC5-B3AC-4C77-8E9A-5760D49C7F11}"
EndProject
Project("{8BC9CEB8-8B4A-11D0-8D11-00A0C91BC942}") = "MapStudy", "MapStudy\MapStudy.vcxproj", "{414F77DF-F599-4C03-A14D-58E668CB24E1}"
EndProject
Project("{8BC9CEB8-8B4A-11D0-8D11-00A0C91BC942}") = "MulThread", "MulThread\MulThread.vcxproj", "{8C317825-0467-4045-A6EA-1C46EF555072}"
EndProject
Project("{8BC9CEB8-8B4A-11D0-8D11-00A0C91BC942}") = "TreeZigzag", "TreeZigzag\TreeZigzag.vcxproj", "{4B576CD0-6CFD-4629-83D3-A4F4E8B6EA38}"
EndProject
Project("{8BC9CEB8-8B4A-11D0-8D11-00A0C91BC942}") = "FUCS", "FUCS\FUCS.vcxproj", "{2073BFF8-5860-49D0-8990-BF47DC533F5F}"
EndProject
Project("{8BC9CEB8-8B4A-11D0-8D11-00A0C91BC942}") = "testExe", "testExe\testExe.vcxproj", "{C8645B83-1B6D-4333-ACE0-5A8E1D04CF5D}"
EndProject
Project("{8BC9CEB8-8B4A-11D0-8D11-00A0C91BC942}") = "BTBSSI", "BTBSSI\BTBSSI.vcxproj", "{C9A9ADC6-679F-44C1-8AA8-3D2CACECCB54}"
EndProject
Project("{8BC9CEB8-8B4A-11D0-8D11-00A0C91BC942}") = "testVector", "testVector\testVector.vcxproj", "{FA2246A5-7BF2-42C4-A1D8-521F27C2822C}"
EndProject
Project("{8BC9CEB8-8B4A-11D0-8D11-00A0C91BC942}") = "SearchInsert", "SearchInsert\SearchInsert.vcxproj", "{0A8F539D-ADA7-4316-AB2A-C12B210B07D0}"
EndProject
Project("{8BC9CEB8-8B4A-11D0-8D11-00A0C91BC942}") = "RemoveElementFromVector", "RemoveElementFromVector\RemoveElementFromVector.vcxproj", "{F2BA9801-9007-42CD-AB67-15DA48F3EAC2}"
EndProject
Project("{8BC9CEB8-8B4A-11D0-8D11-00A0C91BC942}") = "MinSubArrayLen", "MinSubArrayLen\MinSubArrayLen.vcxproj", "{885A2E3A-667C-44BD-AEF4-43ECCB6835A5}"
EndProject
Project("{8BC9CEB8-8B4A-11D0-8D11-00A0C91BC942}") = "GenerateMatrix", "GenerateMatrix\GenerateMatrix.vcxproj", "{AE7B1C34-E2E8-43B6-931E-8C713EAF8457}"
EndProject
Project("{8BC9CEB8-8B4A-11D0-8D11-00A0C91BC942}") = "CanPlaceFlowers", "CanPlaceFlowers\CanPlaceFlowers.vcxproj", "{0068ACF2-B15B-49F7-BE5D-DA9DC0FFF752}"
EndProject
Project("{8BC9CEB8-8B4A-11D0-8D11-00A0C91BC942}") = "MyLinkedList", "MyLinkedList\MyLinkedList.vcxproj", "{923C0051-1B7E-4F6E-89F1-D220D3A029D9}"
EndProject
Project("{8BC9CEB8-8B4A-11D0-8D11-00A0C91BC942}") = "help", "help\help.vcxproj", "{E50734CB-1A87-4DF1-B391-BF4A59974D12}"
EndProject
Project("{8BC9CEB8-8B4A-11D0-8D11-00A0C91BC942}") = "SummaryRange", "SummaryRange\SummaryRange.vcxproj", "{FD4ECE10-9819-4BC1-972F-AF42FF264731}"
EndProject
Project("{8BC9CEB8-8B4A-11D0-8D11-00A0C91BC942}") = "ValidAnagam", "ValidAnagam\ValidAnagam.vcxproj", "{720EAC06-B97A-4ABB-94EE-F413B832DE93}"
EndProject
Project("{8BC9CEB8-8B4A-11D0-8D11-00A0C91BC942}") = "IntersectionOfTwo", "IntersectionOfTwo\IntersectionOfTwo.vcxproj", "{16E59E28-C99C-440F-8C57-FF4E6170214F}"
EndProject
Project("{8BC9CEB8-8B4A-11D0-8D11-00A0C91BC942}") = "HappyNumber", "HappyNumber\HappyNumber.vcxproj", "{1F25E7E1-F270-42D6-9D31-EFECEFDC61D1}"
EndProject
Project("{8BC9CEB8-8B4A-11D0-8D11-00A0C91BC942}") = "3Sum", "3Sum\3Sum.vcxproj", "{902C04EC-4E0C-462F-A09D-3F81E3C60EC9}"
EndProject
Project("{8BC9CEB8-8B4A-11D0-8D11-00A0C91BC942}") = "KMP", "KMP\KMP.vcxproj", "{BEF454FC-6FCA-4E90-91F3-0233A34C995B}"
EndProject
Project("{8BC9CEB8-8B4A-11D0-8D11-00A0C91BC942}") = "MyQueue", "MyQueue\MyQueue.vcxproj", "{CDA232C8-62E0-49B2-8A6D-B63F6DD3AC5C}"
EndProject
Project("{8BC9CEB8-8B4A-11D0-8D11-00A0C91BC942}") = "SlideMaxWindow", "SlideMaxWindow\SlideMaxWindow.vcxproj", "{7FCEBC3A-0CFE-45DD-AABE-91E6BB8C962B}"
EndProject
Project("{8BC9CEB8-8B4A-11D0-8D11-00A0C91BC942}") = "BinaryTreeTravel", "BinaryTreeTravel\BinaryTreeTravel.vcxproj", "{6B242E1E-768D-4C1C-B386-49D31B2C1EB7}"
EndProject
Global
	GlobalSection(SolutionConfigurationPlatforms) = preSolution
		Debug|x64 = Debug|x64
		Debug|x86 = Debug|x86
		Release|x64 = Release|x64
		Release|x86 = Release|x86
	EndGlobalSection
	GlobalSection(ProjectConfigurationPlatforms) = postSolution
		{A3BD587C-9406-4A7A-8922-DA9ED2248892}.Debug|x64.ActiveCfg = Debug|x64
		{A3BD587C-9406-4A7A-8922-DA9ED2248892}.Debug|x64.Build.0 = Debug|x64
		{A3BD587C-9406-4A7A-8922-DA9ED2248892}.Debug|x86.ActiveCfg = Debug|Win32
		{A3BD587C-9406-4A7A-8922-DA9ED2248892}.Debug|x86.Build.0 = Debug|Win32
		{A3BD587C-9406-4A7A-8922-DA9ED2248892}.Release|x64.ActiveCfg = Release|x64
		{A3BD587C-9406-4A7A-8922-DA9ED2248892}.Release|x64.Build.0 = Release|x64
		{A3BD587C-9406-4A7A-8922-DA9ED2248892}.Release|x86.ActiveCfg = Release|Win32
		{A3BD587C-9406-4A7A-8922-DA9ED2248892}.Release|x86.Build.0 = Release|Win32
		{144B8A7F-D6CB-4852-AEF7-BAE1A15931CA}.Debug|x64.ActiveCfg = Debug|x64
		{144B8A7F-D6CB-4852-AEF7-BAE1A15931CA}.Debug|x64.Build.0 = Debug|x64
		{144B8A7F-D6CB-4852-AEF7-BAE1A15931CA}.Debug|x86.ActiveCfg = Debug|Win32
		{144B8A7F-D6CB-4852-AEF7-BAE1A15931CA}.Debug|x86.Build.0 = Debug|Win32
		{144B8A7F-D6CB-4852-AEF7-BAE1A15931CA}.Release|x64.ActiveCfg = Release|x64
		{144B8A7F-D6CB-4852-AEF7-BAE1A15931CA}.Release|x64.Build.0 = Release|x64
		{144B8A7F-D6CB-4852-AEF7-BAE1A15931CA}.Release|x86.ActiveCfg = Release|Win32
		{144B8A7F-D6CB-4852-AEF7-BAE1A15931CA}.Release|x86.Build.0 = Release|Win32
		{26232D2A-DFD2-4442-8DB5-777269074ED4}.Debug|x64.ActiveCfg = Debug|x64
		{26232D2A-DFD2-4442-8DB5-777269074ED4}.Debug|x64.Build.0 = Debug|x64
		{26232D2A-DFD2-4442-8DB5-777269074ED4}.Debug|x86.ActiveCfg = Debug|Win32
		{26232D2A-DFD2-4442-8DB5-777269074ED4}.Debug|x86.Build.0 = Debug|Win32
		{26232D2A-DFD2-4442-8DB5-777269074ED4}.Release|x64.ActiveCfg = Release|x64
		{26232D2A-DFD2-4442-8DB5-777269074ED4}.Release|x64.Build.0 = Release|x64
		{26232D2A-DFD2-4442-8DB5-777269074ED4}.Release|x86.ActiveCfg = Release|Win32
		{26232D2A-DFD2-4442-8DB5-777269074ED4}.Release|x86.Build.0 = Release|Win32
		{FBEFA70A-6140-434A-A760-E1BAEBD6F9AF}.Debug|x64.ActiveCfg = Debug|x64
		{FBEFA70A-6140-434A-A760-E1BAEBD6F9AF}.Debug|x64.Build.0 = Debug|x64
		{FBEFA70A-6140-434A-A760-E1BAEBD6F9AF}.Debug|x86.ActiveCfg = Debug|Win32
		{FBEFA70A-6140-434A-A760-E1BAEBD6F9AF}.Debug|x86.Build.0 = Debug|Win32
		{FBEFA70A-6140-434A-A760-E1BAEBD6F9AF}.Release|x64.ActiveCfg = Release|x64
		{FBEFA70A-6140-434A-A760-E1BAEBD6F9AF}.Release|x64.Build.0 = Release|x64
		{FBEFA70A-6140-434A-A760-E1BAEBD6F9AF}.Release|x86.ActiveCfg = Release|Win32
		{FBEFA70A-6140-434A-A760-E1BAEBD6F9AF}.Release|x86.Build.0 = Release|Win32
		{0FAC92CC-48BA-42DB-8F6E-7E2F45D31C19}.Debug|x64.ActiveCfg = Debug|x64
		{0FAC92CC-48BA-42DB-8F6E-7E2F45D31C19}.Debug|x64.Build.0 = Debug|x64
		{0FAC92CC-48BA-42DB-8F6E-7E2F45D31C19}.Debug|x86.ActiveCfg = Debug|Win32
		{0FAC92CC-48BA-42DB-8F6E-7E2F45D31C19}.Debug|x86.Build.0 = Debug|Win32
		{0FAC92CC-48BA-42DB-8F6E-7E2F45D31C19}.Release|x64.ActiveCfg = Release|x64
		{0FAC92CC-48BA-42DB-8F6E-7E2F45D31C19}.Release|x64.Build.0 = Release|x64
		{0FAC92CC-48BA-42DB-8F6E-7E2F45D31C19}.Release|x86.ActiveCfg = Release|Win32
		{0FAC92CC-48BA-42DB-8F6E-7E2F45D31C19}.Release|x86.Build.0 = Release|Win32
		{B2EEE53F-3601-4A50-ABB5-93263740D876}.Debug|x64.ActiveCfg = Debug|x64
		{B2EEE53F-3601-4A50-ABB5-93263740D876}.Debug|x64.Build.0 = Debug|x64
		{B2EEE53F-3601-4A50-ABB5-93263740D876}.Debug|x86.ActiveCfg = Debug|Win32
		{B2EEE53F-3601-4A50-ABB5-93263740D876}.Debug|x86.Build.0 = Debug|Win32
		{B2EEE53F-3601-4A50-ABB5-93263740D876}.Release|x64.ActiveCfg = Release|x64
		{B2EEE53F-3601-4A50-ABB5-93263740D876}.Release|x64.Build.0 = Release|x64
		{B2EEE53F-3601-4A50-ABB5-93263740D876}.Release|x86.ActiveCfg = Release|Win32
		{B2EEE53F-3601-4A50-ABB5-93263740D876}.Release|x86.Build.0 = Release|Win32
		{4BDF6B0A-D78E-4D40-B84B-1BED2F4A7667}.Debug|x64.ActiveCfg = Debug|x64
		{4BDF6B0A-D78E-4D40-B84B-1BED2F4A7667}.Debug|x64.Build.0 = Debug|x64
		{4BDF6B0A-D78E-4D40-B84B-1BED2F4A7667}.Debug|x86.ActiveCfg = Debug|Win32
		{4BDF6B0A-D78E-4D40-B84B-1BED2F4A7667}.Debug|x86.Build.0 = Debug|Win32
		{4BDF6B0A-D78E-4D40-B84B-1BED2F4A7667}.Release|x64.ActiveCfg = Release|x64
		{4BDF6B0A-D78E-4D40-B84B-1BED2F4A7667}.Release|x64.Build.0 = Release|x64
		{4BDF6B0A-D78E-4D40-B84B-1BED2F4A7667}.Release|x86.ActiveCfg = Release|Win32
		{4BDF6B0A-D78E-4D40-B84B-1BED2F4A7667}.Release|x86.Build.0 = Release|Win32
		{012D4CC5-B3AC-4C77-8E9A-5760D49C7F11}.Debug|x64.ActiveCfg = Debug|x64
		{012D4CC5-B3AC-4C77-8E9A-5760D49C7F11}.Debug|x64.Build.0 = Debug|x64
		{012D4CC5-B3AC-4C77-8E9A-5760D49C7F11}.Debug|x86.ActiveCfg = Debug|Win32
		{012D4CC5-B3AC-4C77-8E9A-5760D49C7F11}.Debug|x86.Build.0 = Debug|Win32
		{012D4CC5-B3AC-4C77-8E9A-5760D49C7F11}.Release|x64.ActiveCfg = Release|x64
		{012D4CC5-B3AC-4C77-8E9A-5760D49C7F11}.Release|x64.Build.0 = Release|x64
		{012D4CC5-B3AC-4C77-8E9A-5760D49C7F11}.Release|x86.ActiveCfg = Release|Win32
		{012D4CC5-B3AC-4C77-8E9A-5760D49C7F11}.Release|x86.Build.0 = Release|Win32
		{414F77DF-F599-4C03-A14D-58E668CB24E1}.Debug|x64.ActiveCfg = Debug|x64
		{414F77DF-F599-4C03-A14D-58E668CB24E1}.Debug|x64.Build.0 = Debug|x64
		{414F77DF-F599-4C03-A14D-58E668CB24E1}.Debug|x86.ActiveCfg = Debug|Win32
		{414F77DF-F599-4C03-A14D-58E668CB24E1}.Debug|x86.Build.0 = Debug|Win32
		{414F77DF-F599-4C03-A14D-58E668CB24E1}.Release|x64.ActiveCfg = Release|x64
		{414F77DF-F599-4C03-A14D-58E668CB24E1}.Release|x64.Build.0 = Release|x64
		{414F77DF-F599-4C03-A14D-58E668CB24E1}.Release|x86.ActiveCfg = Release|Win32
		{414F77DF-F599-4C03-A14D-58E668CB24E1}.Release|x86.Build.0 = Release|Win32
		{8C317825-0467-4045-A6EA-1C46EF555072}.Debug|x64.ActiveCfg = Debug|x64
		{8C317825-0467-4045-A6EA-1C46EF555072}.Debug|x64.Build.0 = Debug|x64
		{8C317825-0467-4045-A6EA-1C46EF555072}.Debug|x86.ActiveCfg = Debug|Win32
		{8C317825-0467-4045-A6EA-1C46EF555072}.Debug|x86.Build.0 = Debug|Win32
		{8C317825-0467-4045-A6EA-1C46EF555072}.Release|x64.ActiveCfg = Release|x64
		{8C317825-0467-4045-A6EA-1C46EF555072}.Release|x64.Build.0 = Release|x64
		{8C317825-0467-4045-A6EA-1C46EF555072}.Release|x86.ActiveCfg = Release|Win32
		{8C317825-0467-4045-A6EA-1C46EF555072}.Release|x86.Build.0 = Release|Win32
		{4B576CD0-6CFD-4629-83D3-A4F4E8B6EA38}.Debug|x64.ActiveCfg = Debug|x64
		{4B576CD0-6CFD-4629-83D3-A4F4E8B6EA38}.Debug|x64.Build.0 = Debug|x64
		{4B576CD0-6CFD-4629-83D3-A4F4E8B6EA38}.Debug|x86.ActiveCfg = Debug|Win32
		{4B576CD0-6CFD-4629-83D3-A4F4E8B6EA38}.Debug|x86.Build.0 = Debug|Win32
		{4B576CD0-6CFD-4629-83D3-A4F4E8B6EA38}.Release|x64.ActiveCfg = Release|x64
		{4B576CD0-6CFD-4629-83D3-A4F4E8B6EA38}.Release|x64.Build.0 = Release|x64
		{4B576CD0-6CFD-4629-83D3-A4F4E8B6EA38}.Release|x86.ActiveCfg = Release|Win32
		{4B576CD0-6CFD-4629-83D3-A4F4E8B6EA38}.Release|x86.Build.0 = Release|Win32
		{2073BFF8-5860-49D0-8990-BF47DC533F5F}.Debug|x64.ActiveCfg = Debug|x64
		{2073BFF8-5860-49D0-8990-BF47DC533F5F}.Debug|x64.Build.0 = Debug|x64
		{2073BFF8-5860-49D0-8990-BF47DC533F5F}.Debug|x86.ActiveCfg = Debug|Win32
		{2073BFF8-5860-49D0-8990-BF47DC533F5F}.Debug|x86.Build.0 = Debug|Win32
		{2073BFF8-5860-49D0-8990-BF47DC533F5F}.Release|x64.ActiveCfg = Release|x64
		{2073BFF8-5860-49D0-8990-BF47DC533F5F}.Release|x64.Build.0 = Release|x64
		{2073BFF8-5860-49D0-8990-BF47DC533F5F}.Release|x86.ActiveCfg = Release|Win32
		{2073BFF8-5860-49D0-8990-BF47DC533F5F}.Release|x86.Build.0 = Release|Win32
		{C8645B83-1B6D-4333-ACE0-5A8E1D04CF5D}.Debug|x64.ActiveCfg = Debug|x64
		{C8645B83-1B6D-4333-ACE0-5A8E1D04CF5D}.Debug|x64.Build.0 = Debug|x64
		{C8645B83-1B6D-4333-ACE0-5A8E1D04CF5D}.Debug|x86.ActiveCfg = Debug|Win32
		{C8645B83-1B6D-4333-ACE0-5A8E1D04CF5D}.Debug|x86.Build.0 = Debug|Win32
		{C8645B83-1B6D-4333-ACE0-5A8E1D04CF5D}.Release|x64.ActiveCfg = Release|x64
		{C8645B83-1B6D-4333-ACE0-5A8E1D04CF5D}.Release|x64.Build.0 = Release|x64
		{C8645B83-1B6D-4333-ACE0-5A8E1D04CF5D}.Release|x86.ActiveCfg = Release|Win32
		{C8645B83-1B6D-4333-ACE0-5A8E1D04CF5D}.Release|x86.Build.0 = Release|Win32
		{C9A9ADC6-679F-44C1-8AA8-3D2CACECCB54}.Debug|x64.ActiveCfg = Debug|x64
		{C9A9ADC6-679F-44C1-8AA8-3D2CACECCB54}.Debug|x64.Build.0 = Debug|x64
		{C9A9ADC6-679F-44C1-8AA8-3D2CACECCB54}.Debug|x86.ActiveCfg = Debug|Win32
		{C9A9ADC6-679F-44C1-8AA8-3D2CACECCB54}.Debug|x86.Build.0 = Debug|Win32
		{C9A9ADC6-679F-44C1-8AA8-3D2CACECCB54}.Release|x64.ActiveCfg = Release|x64
		{C9A9ADC6-679F-44C1-8AA8-3D2CACECCB54}.Release|x64.Build.0 = Release|x64
		{C9A9ADC6-679F-44C1-8AA8-3D2CACECCB54}.Release|x86.ActiveCfg = Release|Win32
		{C9A9ADC6-679F-44C1-8AA8-3D2CACECCB54}.Release|x86.Build.0 = Release|Win32
		{FA2246A5-7BF2-42C4-A1D8-521F27C2822C}.Debug|x64.ActiveCfg = Debug|x64
		{FA2246A5-7BF2-42C4-A1D8-521F27C2822C}.Debug|x64.Build.0 = Debug|x64
		{FA2246A5-7BF2-42C4-A1D8-521F27C2822C}.Debug|x86.ActiveCfg = Debug|Win32
		{FA2246A5-7BF2-42C4-A1D8-521F27C2822C}.Debug|x86.Build.0 = Debug|Win32
		{FA2246A5-7BF2-42C4-A1D8-521F27C2822C}.Release|x64.ActiveCfg = Release|x64
		{FA2246A5-7BF2-42C4-A1D8-521F27C2822C}.Release|x64.Build.0 = Release|x64
		{FA2246A5-7BF2-42C4-A1D8-521F27C2822C}.Release|x86.ActiveCfg = Release|Win32
		{FA2246A5-7BF2-42C4-A1D8-521F27C2822C}.Release|x86.Build.0 = Release|Win32
		{0A8F539D-ADA7-4316-AB2A-C12B210B07D0}.Debug|x64.ActiveCfg = Debug|x64
		{0A8F539D-ADA7-4316-AB2A-C12B210B07D0}.Debug|x64.Build.0 = Debug|x64
		{0A8F539D-ADA7-4316-AB2A-C12B210B07D0}.Debug|x86.ActiveCfg = Debug|Win32
		{0A8F539D-ADA7-4316-AB2A-C12B210B07D0}.Debug|x86.Build.0 = Debug|Win32
		{0A8F539D-ADA7-4316-AB2A-C12B210B07D0}.Release|x64.ActiveCfg = Release|x64
		{0A8F539D-ADA7-4316-AB2A-C12B210B07D0}.Release|x64.Build.0 = Release|x64
		{0A8F539D-ADA7-4316-AB2A-C12B210B07D0}.Release|x86.ActiveCfg = Release|Win32
		{0A8F539D-ADA7-4316-AB2A-C12B210B07D0}.Release|x86.Build.0 = Release|Win32
		{F2BA9801-9007-42CD-AB67-15DA48F3EAC2}.Debug|x64.ActiveCfg = Debug|x64
		{F2BA9801-9007-42CD-AB67-15DA48F3EAC2}.Debug|x64.Build.0 = Debug|x64
		{F2BA9801-9007-42CD-AB67-15DA48F3EAC2}.Debug|x86.ActiveCfg = Debug|Win32
		{F2BA9801-9007-42CD-AB67-15DA48F3EAC2}.Debug|x86.Build.0 = Debug|Win32
		{F2BA9801-9007-42CD-AB67-15DA48F3EAC2}.Release|x64.ActiveCfg = Release|x64
		{F2BA9801-9007-42CD-AB67-15DA48F3EAC2}.Release|x64.Build.0 = Release|x64
		{F2BA9801-9007-42CD-AB67-15DA48F3EAC2}.Release|x86.ActiveCfg = Release|Win32
		{F2BA9801-9007-42CD-AB67-15DA48F3EAC2}.Release|x86.Build.0 = Release|Win32
		{885A2E3A-667C-44BD-AEF4-43ECCB6835A5}.Debug|x64.ActiveCfg = Debug|x64
		{885A2E3A-667C-44BD-AEF4-43ECCB6835A5}.Debug|x64.Build.0 = Debug|x64
		{885A2E3A-667C-44BD-AEF4-43ECCB6835A5}.Debug|x86.ActiveCfg = Debug|Win32
		{885A2E3A-667C-44BD-AEF4-43ECCB6835A5}.Debug|x86.Build.0 = Debug|Win32
		{885A2E3A-667C-44BD-AEF4-43ECCB6835A5}.Release|x64.ActiveCfg = Release|x64
		{885A2E3A-667C-44BD-AEF4-43ECCB6835A5}.Release|x64.Build.0 = Release|x64
		{885A2E3A-667C-44BD-AEF4-43ECCB6835A5}.Release|x86.ActiveCfg = Release|Win32
		{885A2E3A-667C-44BD-AEF4-43ECCB6835A5}.Release|x86.Build.0 = Release|Win32
		{AE7B1C34-E2E8-43B6-931E-8C713EAF8457}.Debug|x64.ActiveCfg = Debug|x64
		{AE7B1C34-E2E8-43B6-931E-8C713EAF8457}.Debug|x64.Build.0 = Debug|x64
		{AE7B1C34-E2E8-43B6-931E-8C713EAF8457}.Debug|x86.ActiveCfg = Debug|Win32
		{AE7B1C34-E2E8-43B6-931E-8C713EAF8457}.Debug|x86.Build.0 = Debug|Win32
		{AE7B1C34-E2E8-43B6-931E-8C713EAF8457}.Release|x64.ActiveCfg = Release|x64
		{AE7B1C34-E2E8-43B6-931E-8C713EAF8457}.Release|x64.Build.0 = Release|x64
		{AE7B1C34-E2E8-43B6-931E-8C713EAF8457}.Release|x86.ActiveCfg = Release|Win32
		{AE7B1C34-E2E8-43B6-931E-8C713EAF8457}.Release|x86.Build.0 = Release|Win32
		{0068ACF2-B15B-49F7-BE5D-DA9DC0FFF752}.Debug|x64.ActiveCfg = Debug|x64
		{0068ACF2-B15B-49F7-BE5D-DA9DC0FFF752}.Debug|x64.Build.0 = Debug|x64
		{0068ACF2-B15B-49F7-BE5D-DA9DC0FFF752}.Debug|x86.ActiveCfg = Debug|Win32
		{0068ACF2-B15B-49F7-BE5D-DA9DC0FFF752}.Debug|x86.Build.0 = Debug|Win32
		{0068ACF2-B15B-49F7-BE5D-DA9DC0FFF752}.Release|x64.ActiveCfg = Release|x64
		{0068ACF2-B15B-49F7-BE5D-DA9DC0FFF752}.Release|x64.Build.0 = Release|x64
		{0068ACF2-B15B-49F7-BE5D-DA9DC0FFF752}.Release|x86.ActiveCfg = Release|Win32
		{0068ACF2-B15B-49F7-BE5D-DA9DC0FFF752}.Release|x86.Build.0 = Release|Win32
		{923C0051-1B7E-4F6E-89F1-D220D3A029D9}.Debug|x64.ActiveCfg = Debug|x64
		{923C0051-1B7E-4F6E-89F1-D220D3A029D9}.Debug|x64.Build.0 = Debug|x64
		{923C0051-1B7E-4F6E-89F1-D220D3A029D9}.Debug|x86.ActiveCfg = Debug|Win32
		{923C0051-1B7E-4F6E-89F1-D220D3A029D9}.Debug|x86.Build.0 = Debug|Win32
		{923C0051-1B7E-4F6E-89F1-D220D3A029D9}.Release|x64.ActiveCfg = Release|x64
		{923C0051-1B7E-4F6E-89F1-D220D3A029D9}.Release|x64.Build.0 = Release|x64
		{923C0051-1B7E-4F6E-89F1-D220D3A029D9}.Release|x86.ActiveCfg = Release|Win32
		{923C0051-1B7E-4F6E-89F1-D220D3A029D9}.Release|x86.Build.0 = Release|Win32
		{E50734CB-1A87-4DF1-B391-BF4A59974D12}.Debug|x64.ActiveCfg = Debug|x64
		{E50734CB-1A87-4DF1-B391-BF4A59974D12}.Debug|x64.Build.0 = Debug|x64
		{E50734CB-1A87-4DF1-B391-BF4A59974D12}.Debug|x86.ActiveCfg = Debug|Win32
		{E50734CB-1A87-4DF1-B391-BF4A59974D12}.Debug|x86.Build.0 = Debug|Win32
		{E50734CB-1A87-4DF1-B391-BF4A59974D12}.Release|x64.ActiveCfg = Release|x64
		{E50734CB-1A87-4DF1-B391-BF4A59974D12}.Release|x64.Build.0 = Release|x64
		{E50734CB-1A87-4DF1-B391-BF4A59974D12}.Release|x86.ActiveCfg = Release|Win32
		{E50734CB-1A87-4DF1-B391-BF4A59974D12}.Release|x86.Build.0 = Release|Win32
		{FD4ECE10-9819-4BC1-972F-AF42FF264731}.Debug|x64.ActiveCfg = Debug|x64
		{FD4ECE10-9819-4BC1-972F-AF42FF264731}.Debug|x64.Build.0 = Debug|x64
		{FD4ECE10-9819-4BC1-972F-AF42FF264731}.Debug|x86.ActiveCfg = Debug|Win32
		{FD4ECE10-9819-4BC1-972F-AF42FF264731}.Debug|x86.Build.0 = Debug|Win32
		{FD4ECE10-9819-4BC1-972F-AF42FF264731}.Release|x64.ActiveCfg = Release|x64
		{FD4ECE10-9819-4BC1-972F-AF42FF264731}.Release|x64.Build.0 = Release|x64
		{FD4ECE10-9819-4BC1-972F-AF42FF264731}.Release|x86.ActiveCfg = Release|Win32
		{FD4ECE10-9819-4BC1-972F-AF42FF264731}.Release|x86.Build.0 = Release|Win32
		{720EAC06-B97A-4ABB-94EE-F413B832DE93}.Debug|x64.ActiveCfg = Debug|x64
		{720EAC06-B97A-4ABB-94EE-F413B832DE93}.Debug|x64.Build.0 = Debug|x64
		{720EAC06-B97A-4ABB-94EE-F413B832DE93}.Debug|x86.ActiveCfg = Debug|Win32
		{720EAC06-B97A-4ABB-94EE-F413B832DE93}.Debug|x86.Build.0 = Debug|Win32
		{720EAC06-B97A-4ABB-94EE-F413B832DE93}.Release|x64.ActiveCfg = Release|x64
		{720EAC06-B97A-4ABB-94EE-F413B832DE93}.Release|x64.Build.0 = Release|x64
		{720EAC06-B97A-4ABB-94EE-F413B832DE93}.Release|x86.ActiveCfg = Release|Win32
		{720EAC06-B97A-4ABB-94EE-F413B832DE93}.Release|x86.Build.0 = Release|Win32
		{16E59E28-C99C-440F-8C57-FF4E6170214F}.Debug|x64.ActiveCfg = Debug|x64
		{16E59E28-C99C-440F-8C57-FF4E6170214F}.Debug|x64.Build.0 = Debug|x64
		{16E59E28-C99C-440F-8C57-FF4E6170214F}.Debug|x86.ActiveCfg = Debug|Win32
		{16E59E28-C99C-440F-8C57-FF4E6170214F}.Debug|x86.Build.0 = Debug|Win32
		{16E59E28-C99C-440F-8C57-FF4E6170214F}.Release|x64.ActiveCfg = Release|x64
		{16E59E28-C99C-440F-8C57-FF4E6170214F}.Release|x64.Build.0 = Release|x64
		{16E59E28-C99C-440F-8C57-FF4E6170214F}.Release|x86.ActiveCfg = Release|Win32
		{16E59E28-C99C-440F-8C57-FF4E6170214F}.Release|x86.Build.0 = Release|Win32
		{1F25E7E1-F270-42D6-9D31-EFECEFDC61D1}.Debug|x64.ActiveCfg = Debug|x64
		{1F25E7E1-F270-42D6-9D31-EFECEFDC61D1}.Debug|x64.Build.0 = Debug|x64
		{1F25E7E1-F270-42D6-9D31-EFECEFDC61D1}.Debug|x86.ActiveCfg = Debug|Win32
		{1F25E7E1-F270-42D6-9D31-EFECEFDC61D1}.Debug|x86.Build.0 = Debug|Win32
		{1F25E7E1-F270-42D6-9D31-EFECEFDC61D1}.Release|x64.ActiveCfg = Release|x64
		{1F25E7E1-F270-42D6-9D31-EFECEFDC61D1}.Release|x64.Build.0 = Release|x64
		{1F25E7E1-F270-42D6-9D31-EFECEFDC61D1}.Release|x86.ActiveCfg = Release|Win32
		{1F25E7E1-F270-42D6-9D31-EFECEFDC61D1}.Release|x86.Build.0 = Release|Win32
		{902C04EC-4E0C-462F-A09D-3F81E3C60EC9}.Debug|x64.ActiveCfg = Debug|x64
		{902C04EC-4E0C-462F-A09D-3F81E3C60EC9}.Debug|x64.Build.0 = Debug|x64
		{902C04EC-4E0C-462F-A09D-3F81E3C60EC9}.Debug|x86.ActiveCfg = Debug|Win32
		{902C04EC-4E0C-462F-A09D-3F81E3C60EC9}.Debug|x86.Build.0 = Debug|Win32
		{902C04EC-4E0C-462F-A09D-3F81E3C60EC9}.Release|x64.ActiveCfg = Release|x64
		{902C04EC-4E0C-462F-A09D-3F81E3C60EC9}.Release|x64.Build.0 = Release|x64
		{902C04EC-4E0C-462F-A09D-3F81E3C60EC9}.Release|x86.ActiveCfg = Release|Win32
		{902C04EC-4E0C-462F-A09D-3F81E3C60EC9}.Release|x86.Build.0 = Release|Win32
		{BEF454FC-6FCA-4E90-91F3-0233A34C995B}.Debug|x64.ActiveCfg = Debug|x64
		{BEF454FC-6FCA-4E90-91F3-0233A34C995B}.Debug|x64.Build.0 = Debug|x64
		{BEF454FC-6FCA-4E90-91F3-0233A34C995B}.Debug|x86.ActiveCfg = Debug|Win32
		{BEF454FC-6FCA-4E90-91F3-0233A34C995B}.Debug|x86.Build.0 = Debug|Win32
		{BEF454FC-6FCA-4E90-91F3-0233A34C995B}.Release|x64.ActiveCfg = Release|x64
		{BEF454FC-6FCA-4E90-91F3-0233A34C995B}.Release|x64.Build.0 = Release|x64
		{BEF454FC-6FCA-4E90-91F3-0233A34C995B}.Release|x86.ActiveCfg = Release|Win32
		{BEF454FC-6FCA-4E90-91F3-0233A34C995B}.Release|x86.Build.0 = Release|Win32
		{CDA232C8-62E0-49B2-8A6D-B63F6DD3AC5C}.Debug|x64.ActiveCfg = Debug|x64
		{CDA232C8-62E0-49B2-8A6D-B63F6DD3AC5C}.Debug|x64.Build.0 = Debug|x64
		{CDA232C8-62E0-49B2-8A6D-B63F6DD3AC5C}.Debug|x86.ActiveCfg = Debug|Win32
		{CDA232C8-62E0-49B2-8A6D-B63F6DD3AC5C}.Debug|x86.Build.0 = Debug|Win32
		{CDA232C8-62E0-49B2-8A6D-B63F6DD3AC5C}.Release|x64.ActiveCfg = Release|x64
		{CDA232C8-62E0-49B2-8A6D-B63F6DD3AC5C}.Release|x64.Build.0 = Release|x64
		{CDA232C8-62E0-49B2-8A6D-B63F6DD3AC5C}.Release|x86.ActiveCfg = Release|Win32
		{CDA232C8-62E0-49B2-8A6D-B63F6DD3AC5C}.Release|x86.Build.0 = Release|Win32
		{7FCEBC3A-0CFE-45DD-AABE-91E6BB8C962B}.Debug|x64.ActiveCfg = Debug|x64
		{7FCEBC3A-0CFE-45DD-AABE-91E6BB8C962B}.Debug|x64.Build.0 = Debug|x64
		{7FCEBC3A-0CFE-45DD-AABE-91E6BB8C962B}.Debug|x86.ActiveCfg = Debug|Win32
		{7FCEBC3A-0CFE-45DD-AABE-91E6BB8C962B}.Debug|x86.Build.0 = Debug|Win32
		{7FCEBC3A-0CFE-45DD-AABE-91E6BB8C962B}.Release|x64.ActiveCfg = Release|x64
		{7FCEBC3A-0CFE-45DD-AABE-91E6BB8C962B}.Release|x64.Build.0 = Release|x64
		{7FCEBC3A-0CFE-45DD-AABE-91E6BB8C962B}.Release|x86.ActiveCfg = Release|Win32
		{7FCEBC3A-0CFE-45DD-AABE-91E6BB8C962B}.Release|x86.Build.0 = Release|Win32
		{6B242E1E-768D-4C1C-B386-49D31B2C1EB7}.Debug|x64.ActiveCfg = Debug|x64
		{6B242E1E-768D-4C1C-B386-49D31B2C1EB7}.Debug|x64.Build.0 = Debug|x64
		{6B242E1E-768D-4C1C-B386-49D31B2C1EB7}.Debug|x86.ActiveCfg = Debug|Win32
		{6B242E1E-768D-4C1C-B386-49D31B2C1EB7}.Debug|x86.Build.0 = Debug|Win32
		{6B242E1E-768D-4C1C-B386-49D31B2C1EB7}.Release|x64.ActiveCfg = Release|x64
		{6B242E1E-768D-4C1C-B386-49D31B2C1EB7}.Release|x64.Build.0 = Release|x64
		{6B242E1E-768D-4C1C-B386-49D31B2C1EB7}.Release|x86.ActiveCfg = Release|Win32
		{6B242E1E-768D-4C1C-B386-49D31B2C1EB7}.Release|x86.Build.0 = Release|Win32
	EndGlobalSection
	GlobalSection(SolutionProperties) = preSolution
		HideSolutionNode = FALSE
	EndGlobalSection
	GlobalSection(ExtensibilityGlobals) = postSolution
		SolutionGuid = {F4F1527B-8C7E-44F3-9DA9-FC3179EEFDD9}
	EndGlobalSection
EndGlobal
